
Microsoft Visual Studio Solution File, Format Version 12.00
Project("{FAE04EC0-301F-11D3-BF4B-00C04F79EFBC}") = "CommonDivider_LeetDaily", "CommonDivider_LeetDaily\CommonDivider_LeetDaily.csproj", "{939EABDD-C82B-4522-96E0-AD6B1991E6BC}"
EndProject
Global
	GlobalSection(SolutionConfigurationPlatforms) = preSolution
		Debug|Any CPU = Debug|Any CPU
		Release|Any CPU = Release|Any CPU
	EndGlobalSection
	GlobalSection(ProjectConfigurationPlatforms) = postSolution
		{939EABDD-C82B-4522-96E0-AD6B1991E6BC}.Debug|Any CPU.ActiveCfg = Debug|Any CPU
		{939EABDD-C82B-4522-96E0-AD6B1991E6BC}.Debug|Any CPU.Build.0 = Debug|Any CPU
		{939EABDD-C82B-4522-96E0-AD6B1991E6BC}.Release|Any CPU.ActiveCfg = Release|Any CPU
		{939EABDD-C82B-4522-96E0-AD6B1991E6BC}.Release|Any CPU.Build.0 = Release|Any CPU
	EndGlobalSection
EndGlobal
